Microsoft Visual Studio Solution File, Format Version 12.00
# Visual Studio Version 17
VisualStudioVersion = 17.11.35327.3
MinimumVisualStudioVersion = 10.0.40219.1
Project("{9A19103F-16F7-4668-BE54-9A1E7A4F7556}") = "Module1BaiSo1_HaPhuongQuynh", "Module1BaiSo1\Module1BaiSo1_HaPhuongQuynh.csproj", "{92BFC3DC-E574-4FA1-993A-4C93C7DF073E}"
EndProject
Project("{9A19103F-16F7-4668-BE54-9A1E7A4F7556}") = "Module1BaiSo2_HaPhuongQuynh", "Module1BaiSo2\Module1BaiSo2_HaPhuongQuynh.csproj", "{97102583-5D57-4D57-BA97-E0F9268F9EBC}"
EndProject
Project("{9A19103F-16F7-4668-BE54-9A1E7A4F7556}") = "Module1BaiSo3_HaPhuongQuynh", "Module1BaiSo3_HaPhuongQuynh\Module1BaiSo3_HaPhuongQuynh.csproj", "{7A27475E-EE03-4CE5-889A-BBB4A1E2C9A7}"
EndProject
Project("{9A19103F-16F7-4668-BE54-9A1E7A4F7556}") = "Module1BaiSo4_HaPhuongQuynh", "Module1BaiSo4_HaPhuongQuynh\Module1BaiSo4_HaPhuongQuynh.csproj", "{5E987623-ADAE-44F8-B4D7-28B8FE4A5960}"
EndProject
Project("{9A19103F-16F7-4668-BE54-9A1E7A4F7556}") = "Module1BaiSo5_HaPhuongQuynh", "Module1Bai5_HaPhuongQuynh\Module1BaiSo5_HaPhuongQuynh.csproj", "{4478E36F-51CC-45A7-8131-FEFEA36D5859}"
EndProject
Project("{FAE04EC0-301F-11D3-BF4B-00C04F79EFBC}") = "Module1BaiSo6_HaPhuongQuynh", "Module1BaiSo6_HaPhuongQuynh\Module1BaiSo6_HaPhuongQuynh.csproj", "{A82ED9AB-53D4-416A-9FFF-8E87478D1027}"
EndProject
Project("{9A19103F-16F7-4668-BE54-9A1E7A4F7556}") = "Module1BaiSo7_HaPhuongQuynh", "Module1BaiSo7_HaPhuongQuynh\Module1BaiSo7_HaPhuongQuynh.csproj", "{1C96F067-5A7E-4301-843E-B0251EA2D4BB}"
EndProject
Project("{9A19103F-16F7-4668-BE54-9A1E7A4F7556}") = "Module1BaiSo8_HaPhuongQuynh", "Module1BaiSo8_HaPhuongQuynh\Module1BaiSo8_HaPhuongQuynh.csproj", "{742A9689-A9AE-4386-B0E4-7D03918E16F5}"
EndProject
Project("{9A19103F-16F7-4668-BE54-9A1E7A4F7556}") = "Module1BaiSo9_HaPhuongQuynh", "Module1BaiSo9_HaPhuongQuynh\Module1BaiSo9_HaPhuongQuynh.csproj", "{B13D8FC8-879E-48FE-AA2A-8727FE5BEA13}"
EndProject
Project("{9A19103F-16F7-4668-BE54-9A1E7A4F7556}") = "Module1BaiSo10_HaPhuongQuynh", "Module1BaiSo10_HaPhuongQuynh\Module1BaiSo10_HaPhuongQuynh.csproj", "{EF4A79DB-1110-4AC2-99D3-78674CE07D9F}"
EndProject
Project("{2150E333-8FDC-42A3-9474-1A3956D46DE8}") = "Module1", "Module1", "{B0807334-B39A-45CE-8A52-9F46AC8AF8D7}"
EndProject
Project("{2150E333-8FDC-42A3-9474-1A3956D46DE8}") = "Module2", "Module2", "{45E49F9C-FB8E-4995-8D81-3509E55DEBA2}"
EndProject
Project("{FAE04EC0-301F-11D3-BF4B-00C04F79EFBC}") = "Calculator", "Calculator\Calculator.csproj", "{517C46D5-8FD4-4926-8DC6-F59DA79FBC4E}"
EndProject
Project("{2150E333-8FDC-42A3-9474-1A3956D46DE8}") = "Calculator.BT", "Calculator.BT", "{02EA681E-C7D8-13C7-8484-4AC65E1B71E8}"
EndProject
Project("{FAE04EC0-301F-11D3-BF4B-00C04F79EFBC}") = "Picture", "Picture\Picture.csproj", "{08778FB5-F34E-47BF-BEDB-D6EB875FA98E}"
EndProject
Global
	GlobalSection(SolutionConfigurationPlatforms) = preSolution
		Debug|Any CPU = Debug|Any CPU
		Release|Any CPU = Release|Any CPU
	EndGlobalSection
	GlobalSection(ProjectConfigurationPlatforms) = postSolution
		{92BFC3DC-E574-4FA1-993A-4C93C7DF073E}.Debug|Any CPU.ActiveCfg = Debug|Any CPU
		{92BFC3DC-E574-4FA1-993A-4C93C7DF073E}.Debug|Any CPU.Build.0 = Debug|Any CPU
		{92BFC3DC-E574-4FA1-993A-4C93C7DF073E}.Release|Any CPU.ActiveCfg = Release|Any CPU
		{92BFC3DC-E574-4FA1-993A-4C93C7DF073E}.Release|Any CPU.Build.0 = Release|Any CPU
		{97102583-5D57-4D57-BA97-E0F9268F9EBC}.Debug|Any CPU.ActiveCfg = Debug|Any CPU
		{97102583-5D57-4D57-BA97-E0F9268F9EBC}.Debug|Any CPU.Build.0 = Debug|Any CPU
		{97102583-5D57-4D57-BA97-E0F9268F9EBC}.Release|Any CPU.ActiveCfg = Release|Any CPU
		{97102583-5D57-4D57-BA97-E0F9268F9EBC}.Release|Any CPU.Build.0 = Release|Any CPU
		{7A27475E-EE03-4CE5-889A-BBB4A1E2C9A7}.Debug|Any CPU.ActiveCfg = Debug|Any CPU
		{7A27475E-EE03-4CE5-889A-BBB4A1E2C9A7}.Debug|Any CPU.Build.0 = Debug|Any CPU
		{7A27475E-EE03-4CE5-889A-BBB4A1E2C9A7}.Release|Any CPU.ActiveCfg = Release|Any CPU
		{7A27475E-EE03-4CE5-889A-BBB4A1E2C9A7}.Release|Any CPU.Build.0 = Release|Any CPU
		{5E987623-ADAE-44F8-B4D7-28B8FE4A5960}.Debug|Any CPU.ActiveCfg = Debug|Any CPU
		{5E987623-ADAE-44F8-B4D7-28B8FE4A5960}.Debug|Any CPU.Build.0 = Debug|Any CPU
		{5E987623-ADAE-44F8-B4D7-28B8FE4A5960}.Release|Any CPU.ActiveCfg = Release|Any CPU
		{5E987623-ADAE-44F8-B4D7-28B8FE4A5960}.Release|Any CPU.Build.0 = Release|Any CPU
		{4478E36F-51CC-45A7-8131-FEFEA36D5859}.Debug|Any CPU.ActiveCfg = Debug|Any CPU
		{4478E36F-51CC-45A7-8131-FEFEA36D5859}.Debug|Any CPU.Build.0 = Debug|Any CPU
		{4478E36F-51CC-45A7-8131-FEFEA36D5859}.Release|Any CPU.ActiveCfg = Release|Any CPU
		{4478E36F-51CC-45A7-8131-FEFEA36D5859}.Release|Any CPU.Build.0 = Release|Any CPU
		{A82ED9AB-53D4-416A-9FFF-8E87478D1027}.Debug|Any CPU.ActiveCfg = Debug|Any CPU
		{A82ED9AB-53D4-416A-9FFF-8E87478D1027}.Debug|Any CPU.Build.0 = Debug|Any CPU
		{A82ED9AB-53D4-416A-9FFF-8E87478D1027}.Release|Any CPU.ActiveCfg = Release|Any CPU
		{A82ED9AB-53D4-416A-9FFF-8E87478D1027}.Release|Any CPU.Build.0 = Release|Any CPU
		{1C96F067-5A7E-4301-843E-B0251EA2D4BB}.Debug|Any CPU.ActiveCfg = Debug|Any CPU
		{1C96F067-5A7E-4301-843E-B0251EA2D4BB}.Debug|Any CPU.Build.0 = Debug|Any CPU
		{1C96F067-5A7E-4301-843E-B0251EA2D4BB}.Release|Any CPU.ActiveCfg = Release|Any CPU
		{1C96F067-5A7E-4301-843E-B0251EA2D4BB}.Release|Any CPU.Build.0 = Release|Any CPU
		{742A9689-A9AE-4386-B0E4-7D03918E16F5}.Debug|Any CPU.ActiveCfg = Debug|Any CPU
		{742A9689-A9AE-4386-B0E4-7D03918E16F5}.Debug|Any CPU.Build.0 = Debug|Any CPU
		{742A9689-A9AE-4386-B0E4-7D03918E16F5}.Release|Any CPU.ActiveCfg = Release|Any CPU
		{742A9689-A9AE-4386-B0E4-7D03918E16F5}.Release|Any CPU.Build.0 = Release|Any CPU
		{B13D8FC8-879E-48FE-AA2A-8727FE5BEA13}.Debug|Any CPU.ActiveCfg = Debug|Any CPU
		{B13D8FC8-879E-48FE-AA2A-8727FE5BEA13}.Debug|Any CPU.Build.0 = Debug|Any CPU
		{B13D8FC8-879E-48FE-AA2A-8727FE5BEA13}.Release|Any CPU.ActiveCfg = Release|Any CPU
		{B13D8FC8-879E-48FE-AA2A-8727FE5BEA13}.Release|Any CPU.Build.0 = Release|Any CPU
		{EF4A79DB-1110-4AC2-99D3-78674CE07D9F}.Debug|Any CPU.ActiveCfg = Debug|Any CPU
		{EF4A79DB-1110-4AC2-99D3-78674CE07D9F}.Debug|Any CPU.Build.0 = Debug|Any CPU
		{EF4A79DB-1110-4AC2-99D3-78674CE07D9F}.Release|Any CPU.ActiveCfg = Release|Any CPU
		{EF4A79DB-1110-4AC2-99D3-78674CE07D9F}.Release|Any CPU.Build.0 = Release|Any CPU
		{517C46D5-8FD4-4926-8DC6-F59DA79FBC4E}.Debug|Any CPU.ActiveCfg = Debug|Any CPU
		{517C46D5-8FD4-4926-8DC6-F59DA79FBC4E}.Debug|Any CPU.Build.0 = Debug|Any CPU
		{517C46D5-8FD4-4926-8DC6-F59DA79FBC4E}.Release|Any CPU.ActiveCfg = Release|Any CPU
		{517C46D5-8FD4-4926-8DC6-F59DA79FBC4E}.Release|Any CPU.Build.0 = Release|Any CPU
		{08778FB5-F34E-47BF-BEDB-D6EB875FA98E}.Debug|Any CPU.ActiveCfg = Debug|Any CPU
		{08778FB5-F34E-47BF-BEDB-D6EB875FA98E}.Debug|Any CPU.Build.0 = Debug|Any CPU
		{08778FB5-F34E-47BF-BEDB-D6EB875FA98E}.Release|Any CPU.ActiveCfg = Release|Any CPU
		{08778FB5-F34E-47BF-BEDB-D6EB875FA98E}.Release|Any CPU.Build.0 = Release|Any CPU
	EndGlobalSection
	GlobalSection(SolutionProperties) = preSolution
		HideSolutionNode = FALSE
	EndGlobalSection
	GlobalSection(NestedProjects) = preSolution
		{92BFC3DC-E574-4FA1-993A-4C93C7DF073E} = {B0807334-B39A-45CE-8A52-9F46AC8AF8D7}
		{97102583-5D57-4D57-BA97-E0F9268F9EBC} = {B0807334-B39A-45CE-8A52-9F46AC8AF8D7}
		{7A27475E-EE03-4CE5-889A-BBB4A1E2C9A7} = {B0807334-B39A-45CE-8A52-9F46AC8AF8D7}
		{5E987623-ADAE-44F8-B4D7-28B8FE4A5960} = {B0807334-B39A-45CE-8A52-9F46AC8AF8D7}
		{4478E36F-51CC-45A7-8131-FEFEA36D5859} = {B0807334-B39A-45CE-8A52-9F46AC8AF8D7}
		{A82ED9AB-53D4-416A-9FFF-8E87478D1027} = {B0807334-B39A-45CE-8A52-9F46AC8AF8D7}
		{1C96F067-5A7E-4301-843E-B0251EA2D4BB} = {B0807334-B39A-45CE-8A52-9F46AC8AF8D7}
		{742A9689-A9AE-4386-B0E4-7D03918E16F5} = {B0807334-B39A-45CE-8A52-9F46AC8AF8D7}
		{B13D8FC8-879E-48FE-AA2A-8727FE5BEA13} = {B0807334-B39A-45CE-8A52-9F46AC8AF8D7}
		{EF4A79DB-1110-4AC2-99D3-78674CE07D9F} = {B0807334-B39A-45CE-8A52-9F46AC8AF8D7}
		{517C46D5-8FD4-4926-8DC6-F59DA79FBC4E} = {02EA681E-C7D8-13C7-8484-4AC65E1B71E8}
		{08778FB5-F34E-47BF-BEDB-D6EB875FA98E} = {45E49F9C-FB8E-4995-8D81-3509E55DEBA2}
	EndGlobalSection
	GlobalSection(ExtensibilityGlobals) = postSolution
		SolutionGuid = {F7EC1468-BB3C-4656-9FCC-D1FCD84EF587}
	EndGlobalSection
EndGlobal
