
Microsoft Visual Studio Solution File, Format Version 12.00
# Visual Studio Version 17
VisualStudioVersion = 17.12.35707.178
MinimumVisualStudioVersion = 10.0.40219.1
Project("{FAE04EC0-301F-11D3-BF4B-00C04F79EFBC}") = "StudentSystem.Models", "StudentSystem.Models\StudentSystem.Models.csproj", "{D00263BA-9524-472E-9874-0D7B4E166509}"
EndProject
Project("{FAE04EC0-301F-11D3-BF4B-00C04F79EFBC}") = "StudentSystem.Data", "StudentSystem.Data\StudentSystem.Data.csproj", "{58F574A0-D228-4832-8CF4-396A3E901444}"
EndProject
Project("{FAE04EC0-301F-11D3-BF4B-00C04F79EFBC}") = "StudentSystem.Client", "StudentSystem.Client\StudentSystem.Client.csproj", "{B2384FBD-7F3B-4657-91A6-2AAB3452CF64}"
EndProject
Global
	GlobalSection(SolutionConfigurationPlatforms) = preSolution
		Debug|Any CPU = Debug|Any CPU
		Release|Any CPU = Release|Any CPU
	EndGlobalSection
	GlobalSection(ProjectConfigurationPlatforms) = postSolution
		{D00263BA-9524-472E-9874-0D7B4E166509}.Debug|Any CPU.ActiveCfg = Debug|Any CPU
		{D00263BA-9524-472E-9874-0D7B4E166509}.Debug|Any CPU.Build.0 = Debug|Any CPU
		{D00263BA-9524-472E-9874-0D7B4E166509}.Release|Any CPU.ActiveCfg = Release|Any CPU
		{D00263BA-9524-472E-9874-0D7B4E166509}.Release|Any CPU.Build.0 = Release|Any CPU
		{58F574A0-D228-4832-8CF4-396A3E901444}.Debug|Any CPU.ActiveCfg = Debug|Any CPU
		{58F574A0-D228-4832-8CF4-396A3E901444}.Debug|Any CPU.Build.0 = Debug|Any CPU
		{58F574A0-D228-4832-8CF4-396A3E901444}.Release|Any CPU.ActiveCfg = Release|Any CPU
		{58F574A0-D228-4832-8CF4-396A3E901444}.Release|Any CPU.Build.0 = Release|Any CPU
		{B2384FBD-7F3B-4657-91A6-2AAB3452CF64}.Debug|Any CPU.ActiveCfg = Debug|Any CPU
		{B2384FBD-7F3B-4657-91A6-2AAB3452CF64}.Debug|Any CPU.Build.0 = Debug|Any CPU
		{B2384FBD-7F3B-4657-91A6-2AAB3452CF64}.Release|Any CPU.ActiveCfg = Release|Any CPU
		{B2384FBD-7F3B-4657-91A6-2AAB3452CF64}.Release|Any CPU.Build.0 = Release|Any CPU
	EndGlobalSection
	GlobalSection(SolutionProperties) = preSolution
		HideSolutionNode = FALSE
	EndGlobalSection
EndGlobal
